# This file was autogenerated by Stack.
# You should not edit this file by hand.
# For more information, please see the documentation at:
#   https://docs.haskellstack.org/en/stable/lock_files

packages:
- completed:
    hackage: diagrams-graphviz-1.4.1@sha256:072c531d69822421cf318d80731c4f7b5e1b6e4d228db3507f84e9057e7a1f12,1400
    pantry-tree:
      size: 343
      sha256: 77cb8ad5184a53e8b58d0c3569373f8082443def4b9c59e0e1c5a7b8b091da1f
  original:
    hackage: diagrams-graphviz-1.4.1
snapshots:
- completed:
    size: 504771
    url: https://raw.githubusercontent.com/commercialhaskell/stackage-snapshots/master/lts/12/14.yaml
    sha256: 3cbd6c83316dd5e2bbc756dc7a2a4e31a31859c3f8b5c720efb6850b08e42649
  original: lts-12.14
